
Microsoft Visual Studio Solution File, Format Version 12.00
# Visual Studio Version 17
VisualStudioVersion = 17.14.36202.13
MinimumVisualStudioVersion = 10.0.40219.1
Project("{FAE04EC0-301F-11D3-BF4B-00C04F79EFBC}") = "HongDucFashion", "HongDucFashion.csproj", "{7619C05D-4C3F-4218-961F-CC0413168D98}"
EndProject
Global
	GlobalSection(SolutionConfigurationPlatforms) = preSolution
		Debug|Any CPU = Debug|Any CPU
		Release|Any CPU = Release|Any CPU
	EndGlobalSection
	GlobalSection(ProjectConfigurationPlatforms) = postSolution
		{7619C05D-4C3F-4218-961F-CC0413168D98}.Debug|Any CPU.ActiveCfg = Debug|Any CPU
		{7619C05D-4C3F-4218-961F-CC0413168D98}.Debug|Any CPU.Build.0 = Debug|Any CPU
		{7619C05D-4C3F-4218-961F-CC0413168D98}.Release|Any CPU.ActiveCfg = Release|Any CPU
		{7619C05D-4C3F-4218-961F-CC0413168D98}.Release|Any CPU.Build.0 = Release|Any CPU
	EndGlobalSection
	GlobalSection(SolutionProperties) = preSolution
		HideSolutionNode = FALSE
	EndGlobalSection
	GlobalSection(ExtensibilityGlobals) = postSolution
		SolutionGuid = {0D31DCBD-6446-4E2C-8F13-B700D6CF08F7}
	EndGlobalSection
EndGlobal
